# THIS IS AN AUTOGENERATED FILE. DO NOT EDIT THIS FILE DIRECTLY.
# yarn lockfile v1


"@namestone/namestone-sdk@^0.2.15":
  version "0.2.15"
  resolved "https://registry.yarnpkg.com/@namestone/namestone-sdk/-/namestone-sdk-0.2.15.tgz#d491b96b2d8b6946e975fb415781e7cd562cce02"
  integrity sha512-c36h8zycXnvH3ZwyiNIfOySFb8dopfuXI2VlcYy/Ece1klmDRP5RRkMTJZnIWzPtuFxLiy8WKfUGbQSlgcEViA==
